
Microsoft Visual Studio Solution File, Format Version 12.00
# Visual Studio Version 17
VisualStudioVersion = 17.8.34330.188
MinimumVisualStudioVersion = 10.0.40219.1
Project("{FAE04EC0-301F-11D3-BF4B-00C04F79EFBC}") = "Recovery", "Recovery\Recovery.csproj", "{A689850F-0586-4383-A530-F2F0889DACC8}"
EndProject
Global
	GlobalSection(SolutionConfigurationPlatforms) = preSolution
		Debug|Any CPU = Debug|Any CPU
		Release|Any CPU = Release|Any CPU
	EndGlobalSection
	GlobalSection(ProjectConfigurationPlatforms) = postSolution
		{A689850F-0586-4383-A530-F2F0889DACC8}.Debug|Any CPU.ActiveCfg = Release|Any CPU
		{A689850F-0586-4383-A530-F2F0889DACC8}.Debug|Any CPU.Build.0 = Release|Any CPU
		{A689850F-0586-4383-A530-F2F0889DACC8}.Release|Any CPU.ActiveCfg = Release|Any CPU
		{A689850F-0586-4383-A530-F2F0889DACC8}.Release|Any CPU.Build.0 = Release|Any CPU
	EndGlobalSection
	GlobalSection(SolutionProperties) = preSolution
		HideSolutionNode = FALSE
	EndGlobalSection
	GlobalSection(ExtensibilityGlobals) = postSolution
		SolutionGuid = {AD008EB3-A5EF-4B45-B82B-425ADCFAD360}
	EndGlobalSection
EndGlobal
